
Microsoft Visual Studio Solution File, Format Version 12.00
# Visual Studio Version 17
VisualStudioVersion = 17.13.35806.99 d17.13
MinimumVisualStudioVersion = 10.0.40219.1
Project("{2150E333-8FDC-42A3-9474-1A3956D46DE8}") = "src", "src", "{02EA681E-C7D8-13C7-8484-4AC65E1B71E8}"
EndProject
Project("{FAE04EC0-301F-11D3-BF4B-00C04F79EFBC}") = "ClinexSync.WebApi", "src\ClinexSync.WebApi\ClinexSync.WebApi.csproj", "{CFF57987-72B4-488E-A42C-357FEADB8D2D}"
EndProject
Project("{FAE04EC0-301F-11D3-BF4B-00C04F79EFBC}") = "ClinexSync.Domain", "src\ClinexSync.Domain\ClinexSync.Domain.csproj", "{B29DDBEC-DC3E-4B78-B109-049EF5829B2D}"
EndProject
Project("{FAE04EC0-301F-11D3-BF4B-00C04F79EFBC}") = "ClinexSync.Application", "src\ClinexSync.Application\ClinexSync.Application.csproj", "{A4B60730-FD16-40DE-AC4A-4EC4731A5178}"
EndProject
Project("{FAE04EC0-301F-11D3-BF4B-00C04F79EFBC}") = "ClinexSync.Infrastructure", "src\ClinexSync.Infrastructure\ClinexSync.Infrastructure.csproj", "{F5DBA285-8ABF-429C-90D1-6EFB57CE2420}"
EndProject
Project("{FAE04EC0-301F-11D3-BF4B-00C04F79EFBC}") = "ClinexSync.Contracts", "src\ClinexSync.Contracts\ClinexSync.Contracts.csproj", "{8DC68057-86E5-4EBD-A7F7-5A99ED16CB52}"
EndProject
Global
	GlobalSection(SolutionConfigurationPlatforms) = preSolution
		Debug|Any CPU = Debug|Any CPU
		Release|Any CPU = Release|Any CPU
	EndGlobalSection
	GlobalSection(ProjectConfigurationPlatforms) = postSolution
		{CFF57987-72B4-488E-A42C-357FEADB8D2D}.Debug|Any CPU.ActiveCfg = Debug|Any CPU
		{CFF57987-72B4-488E-A42C-357FEADB8D2D}.Debug|Any CPU.Build.0 = Debug|Any CPU
		{CFF57987-72B4-488E-A42C-357FEADB8D2D}.Release|Any CPU.ActiveCfg = Release|Any CPU
		{CFF57987-72B4-488E-A42C-357FEADB8D2D}.Release|Any CPU.Build.0 = Release|Any CPU
		{B29DDBEC-DC3E-4B78-B109-049EF5829B2D}.Debug|Any CPU.ActiveCfg = Debug|Any CPU
		{B29DDBEC-DC3E-4B78-B109-049EF5829B2D}.Debug|Any CPU.Build.0 = Debug|Any CPU
		{B29DDBEC-DC3E-4B78-B109-049EF5829B2D}.Release|Any CPU.ActiveCfg = Release|Any CPU
		{B29DDBEC-DC3E-4B78-B109-049EF5829B2D}.Release|Any CPU.Build.0 = Release|Any CPU
		{A4B60730-FD16-40DE-AC4A-4EC4731A5178}.Debug|Any CPU.ActiveCfg = Debug|Any CPU
		{A4B60730-FD16-40DE-AC4A-4EC4731A5178}.Debug|Any CPU.Build.0 = Debug|Any CPU
		{A4B60730-FD16-40DE-AC4A-4EC4731A5178}.Release|Any CPU.ActiveCfg = Release|Any CPU
		{A4B60730-FD16-40DE-AC4A-4EC4731A5178}.Release|Any CPU.Build.0 = Release|Any CPU
		{F5DBA285-8ABF-429C-90D1-6EFB57CE2420}.Debug|Any CPU.ActiveCfg = Debug|Any CPU
		{F5DBA285-8ABF-429C-90D1-6EFB57CE2420}.Debug|Any CPU.Build.0 = Debug|Any CPU
		{F5DBA285-8ABF-429C-90D1-6EFB57CE2420}.Release|Any CPU.ActiveCfg = Release|Any CPU
		{F5DBA285-8ABF-429C-90D1-6EFB57CE2420}.Release|Any CPU.Build.0 = Release|Any CPU
		{8DC68057-86E5-4EBD-A7F7-5A99ED16CB52}.Debug|Any CPU.ActiveCfg = Debug|Any CPU
		{8DC68057-86E5-4EBD-A7F7-5A99ED16CB52}.Debug|Any CPU.Build.0 = Debug|Any CPU
		{8DC68057-86E5-4EBD-A7F7-5A99ED16CB52}.Release|Any CPU.ActiveCfg = Release|Any CPU
		{8DC68057-86E5-4EBD-A7F7-5A99ED16CB52}.Release|Any CPU.Build.0 = Release|Any CPU
	EndGlobalSection
	GlobalSection(SolutionProperties) = preSolution
		HideSolutionNode = FALSE
	EndGlobalSection
	GlobalSection(NestedProjects) = preSolution
		{CFF57987-72B4-488E-A42C-357FEADB8D2D} = {02EA681E-C7D8-13C7-8484-4AC65E1B71E8}
		{B29DDBEC-DC3E-4B78-B109-049EF5829B2D} = {02EA681E-C7D8-13C7-8484-4AC65E1B71E8}
		{A4B60730-FD16-40DE-AC4A-4EC4731A5178} = {02EA681E-C7D8-13C7-8484-4AC65E1B71E8}
		{F5DBA285-8ABF-429C-90D1-6EFB57CE2420} = {02EA681E-C7D8-13C7-8484-4AC65E1B71E8}
		{8DC68057-86E5-4EBD-A7F7-5A99ED16CB52} = {02EA681E-C7D8-13C7-8484-4AC65E1B71E8}
	EndGlobalSection
	GlobalSection(ExtensibilityGlobals) = postSolution
		SolutionGuid = {BE2E330E-3F0B-4C19-9EF4-B49CB26AD856}
	EndGlobalSection
EndGlobal
